Microsoft Visual Studio Solution File, Format Version 12.00
# Visual Studio Version 17
VisualStudioVersion = 17.5.2.0
MinimumVisualStudioVersion = 10.0.40219.1
Project("{FAE04EC0-301F-11D3-BF4B-00C04F79EFBC}") = "InventoryManagementSystemFramework", "InventoryManagementSystemFramework\InventoryManagementSystemFramework.csproj", "{ACA4B21D-EC41-76AE-F82C-9B51330EE4F1}"
EndProject
Global
	GlobalSection(SolutionConfigurationPlatforms) = preSolution
		Debug|Any CPU = Debug|Any CPU
		Release|Any CPU = Release|Any CPU
	EndGlobalSection
	GlobalSection(ProjectConfigurationPlatforms) = postSolution
		{ACA4B21D-EC41-76AE-F82C-9B51330EE4F1}.Debug|Any CPU.ActiveCfg = Debug|Any CPU
		{ACA4B21D-EC41-76AE-F82C-9B51330EE4F1}.Debug|Any CPU.Build.0 = Debug|Any CPU
		{ACA4B21D-EC41-76AE-F82C-9B51330EE4F1}.Release|Any CPU.ActiveCfg = Release|Any CPU
		{ACA4B21D-EC41-76AE-F82C-9B51330EE4F1}.Release|Any CPU.Build.0 = Release|Any CPU
	EndGlobalSection
	GlobalSection(SolutionProperties) = preSolution
		HideSolutionNode = FALSE
	EndGlobalSection
	GlobalSection(ExtensibilityGlobals) = postSolution
		SolutionGuid = {D377751E-5765-4806-8A0E-DD3967AAAA42}
	EndGlobalSection
EndGlobal
